
Microsoft Visual Studio Solution File, Format Version 12.00
# Visual Studio Version 17
VisualStudioVersion = 17.0.31903.59
MinimumVisualStudioVersion = 10.0.40219.1
Project("{2150E333-8FDC-42A3-9474-1A3956D46DE8}") = "src", "src", "{827E0CD3-B72D-47B6-A68D-7590B98EB39B}"
EndProject
Project("{FAE04EC0-301F-11D3-BF4B-00C04F79EFBC}") = "StoreManagement.Domain", "src\StoreManagement.Domain\StoreManagement.Domain.csproj", "{056B0A44-970C-4FFF-AD41-5D3312DF3AFD}"
EndProject
Project("{FAE04EC0-301F-11D3-BF4B-00C04F79EFBC}") = "StoreManagement.Application", "src\StoreManagement.Application\StoreManagement.Application.csproj", "{09F64463-4915-4409-88D4-CFB083DC05F5}"
EndProject
Project("{FAE04EC0-301F-11D3-BF4B-00C04F79EFBC}") = "StoreManagement.Infrastructure", "src\StoreManagement.Infrastructure\StoreManagement.Infrastructure.csproj", "{8B26926C-6BE7-41D9-8EFA-3EAB2727DBBC}"
EndProject
Project("{FAE04EC0-301F-11D3-BF4B-00C04F79EFBC}") = "StoreManagement.Api", "src\StoreManagement.Api\StoreManagement.Api.csproj", "{FA08C404-899A-45DF-9FBE-B07ABD6E5D33}"
EndProject
Global
	GlobalSection(SolutionConfigurationPlatforms) = preSolution
		Debug|Any CPU = Debug|Any CPU
		Debug|x64 = Debug|x64
		Debug|x86 = Debug|x86
		Release|Any CPU = Release|Any CPU
		Release|x64 = Release|x64
		Release|x86 = Release|x86
	EndGlobalSection
	GlobalSection(ProjectConfigurationPlatforms) = postSolution
		{056B0A44-970C-4FFF-AD41-5D3312DF3AFD}.Debug|Any CPU.ActiveCfg = Debug|Any CPU
		{056B0A44-970C-4FFF-AD41-5D3312DF3AFD}.Debug|Any CPU.Build.0 = Debug|Any CPU
		{056B0A44-970C-4FFF-AD41-5D3312DF3AFD}.Debug|x64.ActiveCfg = Debug|Any CPU
		{056B0A44-970C-4FFF-AD41-5D3312DF3AFD}.Debug|x64.Build.0 = Debug|Any CPU
		{056B0A44-970C-4FFF-AD41-5D3312DF3AFD}.Debug|x86.ActiveCfg = Debug|Any CPU
		{056B0A44-970C-4FFF-AD41-5D3312DF3AFD}.Debug|x86.Build.0 = Debug|Any CPU
		{056B0A44-970C-4FFF-AD41-5D3312DF3AFD}.Release|Any CPU.ActiveCfg = Release|Any CPU
		{056B0A44-970C-4FFF-AD41-5D3312DF3AFD}.Release|Any CPU.Build.0 = Release|Any CPU
		{056B0A44-970C-4FFF-AD41-5D3312DF3AFD}.Release|x64.ActiveCfg = Release|Any CPU
		{056B0A44-970C-4FFF-AD41-5D3312DF3AFD}.Release|x64.Build.0 = Release|Any CPU
		{056B0A44-970C-4FFF-AD41-5D3312DF3AFD}.Release|x86.ActiveCfg = Release|Any CPU
		{056B0A44-970C-4FFF-AD41-5D3312DF3AFD}.Release|x86.Build.0 = Release|Any CPU
		{09F64463-4915-4409-88D4-CFB083DC05F5}.Debug|Any CPU.ActiveCfg = Debug|Any CPU
		{09F64463-4915-4409-88D4-CFB083DC05F5}.Debug|Any CPU.Build.0 = Debug|Any CPU
		{09F64463-4915-4409-88D4-CFB083DC05F5}.Debug|x64.ActiveCfg = Debug|Any CPU
		{09F64463-4915-4409-88D4-CFB083DC05F5}.Debug|x64.Build.0 = Debug|Any CPU
		{09F64463-4915-4409-88D4-CFB083DC05F5}.Debug|x86.ActiveCfg = Debug|Any CPU
		{09F64463-4915-4409-88D4-CFB083DC05F5}.Debug|x86.Build.0 = Debug|Any CPU
		{09F64463-4915-4409-88D4-CFB083DC05F5}.Release|Any CPU.ActiveCfg = Release|Any CPU
		{09F64463-4915-4409-88D4-CFB083DC05F5}.Release|Any CPU.Build.0 = Release|Any CPU
		{09F64463-4915-4409-88D4-CFB083DC05F5}.Release|x64.ActiveCfg = Release|Any CPU
		{09F64463-4915-4409-88D4-CFB083DC05F5}.Release|x64.Build.0 = Release|Any CPU
		{09F64463-4915-4409-88D4-CFB083DC05F5}.Release|x86.ActiveCfg = Release|Any CPU
		{09F64463-4915-4409-88D4-CFB083DC05F5}.Release|x86.Build.0 = Release|Any CPU
		{8B26926C-6BE7-41D9-8EFA-3EAB2727DBBC}.Debug|Any CPU.ActiveCfg = Debug|Any CPU
		{8B26926C-6BE7-41D9-8EFA-3EAB2727DBBC}.Debug|Any CPU.Build.0 = Debug|Any CPU
		{8B26926C-6BE7-41D9-8EFA-3EAB2727DBBC}.Debug|x64.ActiveCfg = Debug|Any CPU
		{8B26926C-6BE7-41D9-8EFA-3EAB2727DBBC}.Debug|x64.Build.0 = Debug|Any CPU
		{8B26926C-6BE7-41D9-8EFA-3EAB2727DBBC}.Debug|x86.ActiveCfg = Debug|Any CPU
		{8B26926C-6BE7-41D9-8EFA-3EAB2727DBBC}.Debug|x86.Build.0 = Debug|Any CPU
		{8B26926C-6BE7-41D9-8EFA-3EAB2727DBBC}.Release|Any CPU.ActiveCfg = Release|Any CPU
		{8B26926C-6BE7-41D9-8EFA-3EAB2727DBBC}.Release|Any CPU.Build.0 = Release|Any CPU
		{8B26926C-6BE7-41D9-8EFA-3EAB2727DBBC}.Release|x64.ActiveCfg = Release|Any CPU
		{8B26926C-6BE7-41D9-8EFA-3EAB2727DBBC}.Release|x64.Build.0 = Release|Any CPU
		{8B26926C-6BE7-41D9-8EFA-3EAB2727DBBC}.Release|x86.ActiveCfg = Release|Any CPU
		{8B26926C-6BE7-41D9-8EFA-3EAB2727DBBC}.Release|x86.Build.0 = Release|Any CPU
		{FA08C404-899A-45DF-9FBE-B07ABD6E5D33}.Debug|Any CPU.ActiveCfg = Debug|Any CPU
		{FA08C404-899A-45DF-9FBE-B07ABD6E5D33}.Debug|Any CPU.Build.0 = Debug|Any CPU
		{FA08C404-899A-45DF-9FBE-B07ABD6E5D33}.Debug|x64.ActiveCfg = Debug|Any CPU
		{FA08C404-899A-45DF-9FBE-B07ABD6E5D33}.Debug|x64.Build.0 = Debug|Any CPU
		{FA08C404-899A-45DF-9FBE-B07ABD6E5D33}.Debug|x86.ActiveCfg = Debug|Any CPU
		{FA08C404-899A-45DF-9FBE-B07ABD6E5D33}.Debug|x86.Build.0 = Debug|Any CPU
		{FA08C404-899A-45DF-9FBE-B07ABD6E5D33}.Release|Any CPU.ActiveCfg = Release|Any CPU
		{FA08C404-899A-45DF-9FBE-B07ABD6E5D33}.Release|Any CPU.Build.0 = Release|Any CPU
		{FA08C404-899A-45DF-9FBE-B07ABD6E5D33}.Release|x64.ActiveCfg = Release|Any CPU
		{FA08C404-899A-45DF-9FBE-B07ABD6E5D33}.Release|x64.Build.0 = Release|Any CPU
		{FA08C404-899A-45DF-9FBE-B07ABD6E5D33}.Release|x86.ActiveCfg = Release|Any CPU
		{FA08C404-899A-45DF-9FBE-B07ABD6E5D33}.Release|x86.Build.0 = Release|Any CPU
	EndGlobalSection
	GlobalSection(SolutionProperties) = preSolution
		HideSolutionNode = FALSE
	EndGlobalSection
	GlobalSection(NestedProjects) = preSolution
		{056B0A44-970C-4FFF-AD41-5D3312DF3AFD} = {827E0CD3-B72D-47B6-A68D-7590B98EB39B}
		{09F64463-4915-4409-88D4-CFB083DC05F5} = {827E0CD3-B72D-47B6-A68D-7590B98EB39B}
		{8B26926C-6BE7-41D9-8EFA-3EAB2727DBBC} = {827E0CD3-B72D-47B6-A68D-7590B98EB39B}
		{FA08C404-899A-45DF-9FBE-B07ABD6E5D33} = {827E0CD3-B72D-47B6-A68D-7590B98EB39B}
	EndGlobalSection
EndGlobal
